
Microsoft Visual Studio Solution File, Format Version 12.00
# Visual Studio Version 16
VisualStudioVersion = 16.0.29709.97
MinimumVisualStudioVersion = 10.0.40219.1
Project("{FAE04EC0-301F-11D3-BF4B-00C04F79EFBC}") = "GeneralTests", "GeneralTests1\GeneralTests.csproj", "{AF0C98B0-98F7-4A0C-8849-527039F88655}"
EndProject
Global
	GlobalSection(SolutionConfigurationPlatforms) = preSolution
		Debug|Any CPU = Debug|Any CPU
		Release|Any CPU = Release|Any CPU
	EndGlobalSection
	GlobalSection(ProjectConfigurationPlatforms) = postSolution
		{AF0C98B0-98F7-4A0C-8849-527039F88655}.Debug|Any CPU.ActiveCfg = Debug|Any CPU
		{AF0C98B0-98F7-4A0C-8849-527039F88655}.Debug|Any CPU.Build.0 = Debug|Any CPU
		{AF0C98B0-98F7-4A0C-8849-527039F88655}.Release|Any CPU.ActiveCfg = Release|Any CPU
		{AF0C98B0-98F7-4A0C-8849-527039F88655}.Release|Any CPU.Build.0 = Release|Any CPU
	EndGlobalSection
	GlobalSection(SolutionProperties) = preSolution
		HideSolutionNode = FALSE
	EndGlobalSection
	GlobalSection(ExtensibilityGlobals) = postSolution
		SolutionGuid = {ED1D6A87-C4B5-4415-B5E1-1CEF74C0BD66}
	EndGlobalSection
EndGlobal
